
Microsoft Visual Studio Solution File, Format Version 10.00
# Visual Studio 2008
Project("{FAE04EC0-301F-11D3-BF4B-00C04F79EFBC}") = "BugtraqPlugin", "BugtraqPlugin\BugtraqPlugin.csproj", "{83645E21-E943-48F8-81E7-FE6FC590DB74}"
EndProject
Project("{54435603-DBB4-11D2-8724-00A0C9A8B90C}") = "BugtraqInstall", "BugtraqInstall\BugtraqInstall.vdproj", "{86CE4750-D3C4-42E0-A142-07E3244C1D27}"
EndProject
Global
	GlobalSection(SolutionConfigurationPlatforms) = preSolution
		Debug|Any CPU = Debug|Any CPU
		Release|Any CPU = Release|Any CPU
	EndGlobalSection
	GlobalSection(ProjectConfigurationPlatforms) = postSolution
		{83645E21-E943-48F8-81E7-FE6FC590DB74}.Debug|Any CPU.ActiveCfg = Debug|Any CPU
		{83645E21-E943-48F8-81E7-FE6FC590DB74}.Debug|Any CPU.Build.0 = Debug|Any CPU
		{83645E21-E943-48F8-81E7-FE6FC590DB74}.Release|Any CPU.ActiveCfg = Release|Any CPU
		{83645E21-E943-48F8-81E7-FE6FC590DB74}.Release|Any CPU.Build.0 = Release|Any CPU
		{86CE4750-D3C4-42E0-A142-07E3244C1D27}.Debug|Any CPU.ActiveCfg = Debug
		{86CE4750-D3C4-42E0-A142-07E3244C1D27}.Release|Any CPU.ActiveCfg = Release
		{86CE4750-D3C4-42E0-A142-07E3244C1D27}.Release|Any CPU.Build.0 = Release
	EndGlobalSection
	GlobalSection(SolutionProperties) = preSolution
		HideSolutionNode = FALSE
	EndGlobalSection
EndGlobal
